
Microsoft Visual Studio Solution File, Format Version 12.00
# Visual Studio Version 17
VisualStudioVersion = 17.11.35312.102
MinimumVisualStudioVersion = 10.0.40219.1
Project("{FAE04EC0-301F-11D3-BF4B-00C04F79EFBC}") = "HTA", "HTA\HTA.csproj", "{EB2989BF-C82C-4F9F-8E42-CAB196FFF6B3}"
EndProject
Global
	GlobalSection(SolutionConfigurationPlatforms) = preSolution
		Debug|Any CPU = Debug|Any CPU
		Release|Any CPU = Release|Any CPU
	EndGlobalSection
	GlobalSection(ProjectConfigurationPlatforms) = postSolution
		{EB2989BF-C82C-4F9F-8E42-CAB196FFF6B3}.Debug|Any CPU.ActiveCfg = Debug|Any CPU
		{EB2989BF-C82C-4F9F-8E42-CAB196FFF6B3}.Debug|Any CPU.Build.0 = Debug|Any CPU
		{EB2989BF-C82C-4F9F-8E42-CAB196FFF6B3}.Release|Any CPU.ActiveCfg = Release|Any CPU
		{EB2989BF-C82C-4F9F-8E42-CAB196FFF6B3}.Release|Any CPU.Build.0 = Release|Any CPU
	EndGlobalSection
	GlobalSection(SolutionProperties) = preSolution
		HideSolutionNode = FALSE
	EndGlobalSection
	GlobalSection(ExtensibilityGlobals) = postSolution
		SolutionGuid = {3146F72A-2014-4095-9127-C89D95CEEE9C}
	EndGlobalSection
EndGlobal
